
Microsoft Visual Studio Solution File, Format Version 12.00
# Visual Studio Version 16
VisualStudioVersion = 16.0.31729.503
MinimumVisualStudioVersion = 10.0.40219.1
Project("{9A19103F-16F7-4668-BE54-9A1E7A4F7556}") = "Orders_Payments_Server.API", "Orders Payments Server\Orders_Payments_Server.API.csproj", "{80B870B2-6C22-4F4F-9C07-2736F9BAB39C}"
EndProject
Project("{9A19103F-16F7-4668-BE54-9A1E7A4F7556}") = "Orders_Payments_Server.DataBase", "Orders_Payments_Server.DataBase\Orders_Payments_Server.DataBase.csproj", "{D4E4055F-2943-4176-9FB1-862165506053}"
EndProject
Project("{9A19103F-16F7-4668-BE54-9A1E7A4F7556}") = "Orders_Payments_Server.Domain", "Orders_Payments_Server.Domain\Orders_Payments_Server.Domain.csproj", "{72FB6B93-E21D-44C0-99FF-9293214A19C1}"
EndProject
Global
	GlobalSection(SolutionConfigurationPlatforms) = preSolution
		Debug|Any CPU = Debug|Any CPU
		Release|Any CPU = Release|Any CPU
	EndGlobalSection
	GlobalSection(ProjectConfigurationPlatforms) = postSolution
		{80B870B2-6C22-4F4F-9C07-2736F9BAB39C}.Debug|Any CPU.ActiveCfg = Debug|Any CPU
		{80B870B2-6C22-4F4F-9C07-2736F9BAB39C}.Debug|Any CPU.Build.0 = Debug|Any CPU
		{80B870B2-6C22-4F4F-9C07-2736F9BAB39C}.Release|Any CPU.ActiveCfg = Release|Any CPU
		{80B870B2-6C22-4F4F-9C07-2736F9BAB39C}.Release|Any CPU.Build.0 = Release|Any CPU
		{D4E4055F-2943-4176-9FB1-862165506053}.Debug|Any CPU.ActiveCfg = Debug|Any CPU
		{D4E4055F-2943-4176-9FB1-862165506053}.Debug|Any CPU.Build.0 = Debug|Any CPU
		{D4E4055F-2943-4176-9FB1-862165506053}.Release|Any CPU.ActiveCfg = Release|Any CPU
		{D4E4055F-2943-4176-9FB1-862165506053}.Release|Any CPU.Build.0 = Release|Any CPU
		{72FB6B93-E21D-44C0-99FF-9293214A19C1}.Debug|Any CPU.ActiveCfg = Debug|Any CPU
		{72FB6B93-E21D-44C0-99FF-9293214A19C1}.Debug|Any CPU.Build.0 = Debug|Any CPU
		{72FB6B93-E21D-44C0-99FF-9293214A19C1}.Release|Any CPU.ActiveCfg = Release|Any CPU
		{72FB6B93-E21D-44C0-99FF-9293214A19C1}.Release|Any CPU.Build.0 = Release|Any CPU
	EndGlobalSection
	GlobalSection(SolutionProperties) = preSolution
		HideSolutionNode = FALSE
	EndGlobalSection
	GlobalSection(ExtensibilityGlobals) = postSolution
		SolutionGuid = {E83D9C94-E26D-45E5-AFC3-5598549128AB}
	EndGlobalSection
EndGlobal
